
Microsoft Visual Studio Solution File, Format Version 12.00
# Visual Studio Version 16
VisualStudioVersion = 16.0.30717.126
MinimumVisualStudioVersion = 10.0.40219.1
Project("{FAE04EC0-301F-11D3-BF4B-00C04F79EFBC}") = "TN001", "TN001\TN001.csproj", "{11C001F1-C183-48C9-BD5B-61AA3F8F3E77}"
EndProject
Global
	GlobalSection(SolutionConfigurationPlatforms) = preSolution
		Debug|Any CPU = Debug|Any CPU
		Release|Any CPU = Release|Any CPU
	EndGlobalSection
	GlobalSection(ProjectConfigurationPlatforms) = postSolution
		{11C001F1-C183-48C9-BD5B-61AA3F8F3E77}.Debug|Any CPU.ActiveCfg = Debug|Any CPU
		{11C001F1-C183-48C9-BD5B-61AA3F8F3E77}.Debug|Any CPU.Build.0 = Debug|Any CPU
		{11C001F1-C183-48C9-BD5B-61AA3F8F3E77}.Release|Any CPU.ActiveCfg = Release|Any CPU
		{11C001F1-C183-48C9-BD5B-61AA3F8F3E77}.Release|Any CPU.Build.0 = Release|Any CPU
	EndGlobalSection
	GlobalSection(SolutionProperties) = preSolution
		HideSolutionNode = FALSE
	EndGlobalSection
	GlobalSection(ExtensibilityGlobals) = postSolution
		SolutionGuid = {D3BBA834-7349-4198-91D3-B33268CBFF1F}
	EndGlobalSection
EndGlobal
